
Microsoft Visual Studio Solution File, Format Version 12.00
# Visual Studio Version 17
VisualStudioVersion = 17.3.32901.215
MinimumVisualStudioVersion = 10.0.40219.1
Project("{FAE04EC0-301F-11D3-BF4B-00C04F79EFBC}") = "Home Pharmacy", "Home Pharmacy\Home Pharmacy.csproj", "{CEC29B7C-5B24-4DF6-A62D-0C0CE30674CD}"
EndProject
Global
	GlobalSection(SolutionConfigurationPlatforms) = preSolution
		Debug|Any CPU = Debug|Any CPU
		Release|Any CPU = Release|Any CPU
	EndGlobalSection
	GlobalSection(ProjectConfigurationPlatforms) = postSolution
		{CEC29B7C-5B24-4DF6-A62D-0C0CE30674CD}.Debug|Any CPU.ActiveCfg = Debug|Any CPU
		{CEC29B7C-5B24-4DF6-A62D-0C0CE30674CD}.Debug|Any CPU.Build.0 = Debug|Any CPU
		{CEC29B7C-5B24-4DF6-A62D-0C0CE30674CD}.Release|Any CPU.ActiveCfg = Release|Any CPU
		{CEC29B7C-5B24-4DF6-A62D-0C0CE30674CD}.Release|Any CPU.Build.0 = Release|Any CPU
	EndGlobalSection
	GlobalSection(SolutionProperties) = preSolution
		HideSolutionNode = FALSE
	EndGlobalSection
	GlobalSection(ExtensibilityGlobals) = postSolution
		SolutionGuid = {FC4FFBC3-5C58-4B0B-A6A6-8EEF7CFBEF47}
	EndGlobalSection
EndGlobal
